
Microsoft Visual Studio Solution File, Format Version 12.00
# Visual Studio Version 16
VisualStudioVersion = 16.0.31019.35
MinimumVisualStudioVersion = 10.0.40219.1
Project("{FAE04EC0-301F-11D3-BF4B-00C04F79EFBC}") = "apicalculadora", "apicalculadora\apicalculadora.csproj", "{9E64CD42-16C6-4978-AB00-013D9ABDF552}"
EndProject
Global
	GlobalSection(SolutionConfigurationPlatforms) = preSolution
		Debug|Any CPU = Debug|Any CPU
		Release|Any CPU = Release|Any CPU
	EndGlobalSection
	GlobalSection(ProjectConfigurationPlatforms) = postSolution
		{9E64CD42-16C6-4978-AB00-013D9ABDF552}.Debug|Any CPU.ActiveCfg = Debug|Any CPU
		{9E64CD42-16C6-4978-AB00-013D9ABDF552}.Debug|Any CPU.Build.0 = Debug|Any CPU
		{9E64CD42-16C6-4978-AB00-013D9ABDF552}.Release|Any CPU.ActiveCfg = Release|Any CPU
		{9E64CD42-16C6-4978-AB00-013D9ABDF552}.Release|Any CPU.Build.0 = Release|Any CPU
	EndGlobalSection
	GlobalSection(SolutionProperties) = preSolution
		HideSolutionNode = FALSE
	EndGlobalSection
	GlobalSection(ExtensibilityGlobals) = postSolution
		SolutionGuid = {216B98A0-5174-4C17-BD55-E1413B57B6BD}
	EndGlobalSection
EndGlobal
